
Microsoft Visual Studio Solution File, Format Version 12.00
# Visual Studio 15
Project("{FAE04EC0-301F-11D3-BF4B-00C04F79EFBC}") = "UnityEngine.TestRunner", "UnityEngine.TestRunner.csproj", "{2B1A291C-07BF-52D4-CE61-46F1F08544A9}"
EndProject
Project("{FAE04EC0-301F-11D3-BF4B-00C04F79EFBC}") = "UnityEngine.UI", "UnityEngine.UI.csproj", "{761F6BDB-0022-5C36-6BCB-27FC2FC9FA9B}"
EndProject
Project("{FAE04EC0-301F-11D3-BF4B-00C04F79EFBC}") = "Unity.VisualScripting.State", "Unity.VisualScripting.State.csproj", "{BAAE4520-C630-1F92-ABC0-70A216E5C114}"
EndProject
Project("{FAE04EC0-301F-11D3-BF4B-00C04F79EFBC}") = "Unity.VisualScripting.Core", "Unity.VisualScripting.Core.csproj", "{9A887014-AB0F-2264-7FE9-AD0A26B0AB5C}"
EndProject
Project("{FAE04EC0-301F-11D3-BF4B-00C04F79EFBC}") = "Unity.VisualScripting.Flow", "Unity.VisualScripting.Flow.csproj", "{02F6021E-A739-3E99-F1B1-A374FDED61BB}"
EndProject
Project("{FAE04EC0-301F-11D3-BF4B-00C04F79EFBC}") = "Unity.TextMeshPro", "Unity.TextMeshPro.csproj", "{0573D564-B072-0CDE-3548-120C7EFB9A89}"
EndProject
Project("{FAE04EC0-301F-11D3-BF4B-00C04F79EFBC}") = "Unity.Timeline", "Unity.Timeline.csproj", "{2F202337-848B-4721-C9E5-A26C02988208}"
EndProject
Project("{FAE04EC0-301F-11D3-BF4B-00C04F79EFBC}") = "Unity.PlasticSCM.Editor", "Unity.PlasticSCM.Editor.csproj", "{548F13A3-8DAD-44CF-5F35-7C5930680F75}"
EndProject
Project("{FAE04EC0-301F-11D3-BF4B-00C04F79EFBC}") = "Unity.VisualScripting.Core.Editor", "Unity.VisualScripting.Core.Editor.csproj", "{9A4E9FE5-B058-122F-41E3-F91AECCFFCFA}"
EndProject
Project("{FAE04EC0-301F-11D3-BF4B-00C04F79EFBC}") = "Unity.VisualStudio.Editor", "Unity.VisualStudio.Editor.csproj", "{A92A2EAC-39E1-5632-BF5F-4D5DA78D4F72}"
EndProject
Project("{FAE04EC0-301F-11D3-BF4B-00C04F79EFBC}") = "Unity.Timeline.Editor", "Unity.Timeline.Editor.csproj", "{10CBD7D2-22FB-9059-7406-3041A0F6EEE3}"
EndProject
Project("{FAE04EC0-301F-11D3-BF4B-00C04F79EFBC}") = "Unity.VisualScripting.State.Editor", "Unity.VisualScripting.State.Editor.csproj", "{0D9659DB-CAD5-254B-2104-33A1454CB0BB}"
EndProject
Project("{FAE04EC0-301F-11D3-BF4B-00C04F79EFBC}") = "Unity.TextMeshPro.Editor", "Unity.TextMeshPro.Editor.csproj", "{59B41A85-634A-127D-A5B1-F354EF344308}"
EndProject
Project("{FAE04EC0-301F-11D3-BF4B-00C04F79EFBC}") = "VSSettingsProvider", "VSSettingsProvider.csproj", "{56184F00-E748-73D7-416A-9E9A6517A154}"
EndProject
Project("{FAE04EC0-301F-11D3-BF4B-00C04F79EFBC}") = "Unity.CollabProxy.Editor", "Unity.CollabProxy.Editor.csproj", "{5BC3DF8B-482B-FD94-2420-25EF179C72C8}"
EndProject
Project("{FAE04EC0-301F-11D3-BF4B-00C04F79EFBC}") = "UnityEditor.TestRunner", "UnityEditor.TestRunner.csproj", "{311AF2B5-0984-97F0-A44C-E1AEF1A2C38D}"
EndProject
Project("{FAE04EC0-301F-11D3-BF4B-00C04F79EFBC}") = "Unity.VisualScripting.Flow.Editor", "Unity.VisualScripting.Flow.Editor.csproj", "{28E49F03-10E7-9B3D-B932-1243B5C0770E}"
EndProject
Project("{FAE04EC0-301F-11D3-BF4B-00C04F79EFBC}") = "Unity.Rider.Editor", "Unity.Rider.Editor.csproj", "{AB0B0B92-61C1-48D6-585D-04A52D70FCC0}"
EndProject
Project("{FAE04EC0-301F-11D3-BF4B-00C04F79EFBC}") = "Unity.VSCode.Editor", "Unity.VSCode.Editor.csproj", "{704989B7-EEC6-5415-01F5-CE133C957E91}"
EndProject
Project("{FAE04EC0-301F-11D3-BF4B-00C04F79EFBC}") = "UnityEditor.UI", "UnityEditor.UI.csproj", "{479FD80C-23E4-2083-F0DA-FAF7F064EB76}"
EndProject
Global
	GlobalSection(SolutionConfigurationPlatforms) = preSolution
		Debug|Any CPU = Debug|Any CPU
		Release|Any CPU = Release|Any CPU
	EndGlobalSection
	GlobalSection(ProjectConfigurationPlatforms) = postSolution
		{2B1A291C-07BF-52D4-CE61-46F1F08544A9}.Debug|Any CPU.ActiveCfg = Debug|Any CPU
		{2B1A291C-07BF-52D4-CE61-46F1F08544A9}.Debug|Any CPU.Build.0 = Debug|Any CPU
		{2B1A291C-07BF-52D4-CE61-46F1F08544A9}.Release|Any CPU.ActiveCfg = Release|Any CPU
		{2B1A291C-07BF-52D4-CE61-46F1F08544A9}.Release|Any CPU.Build.0 = Release|Any CPU
		{761F6BDB-0022-5C36-6BCB-27FC2FC9FA9B}.Debug|Any CPU.ActiveCfg = Debug|Any CPU
		{761F6BDB-0022-5C36-6BCB-27FC2FC9FA9B}.Debug|Any CPU.Build.0 = Debug|Any CPU
		{761F6BDB-0022-5C36-6BCB-27FC2FC9FA9B}.Release|Any CPU.ActiveCfg = Release|Any CPU
		{761F6BDB-0022-5C36-6BCB-27FC2FC9FA9B}.Release|Any CPU.Build.0 = Release|Any CPU
		{BAAE4520-C630-1F92-ABC0-70A216E5C114}.Debug|Any CPU.ActiveCfg = Debug|Any CPU
		{BAAE4520-C630-1F92-ABC0-70A216E5C114}.Debug|Any CPU.Build.0 = Debug|Any CPU
		{BAAE4520-C630-1F92-ABC0-70A216E5C114}.Release|Any CPU.ActiveCfg = Release|Any CPU
		{BAAE4520-C630-1F92-ABC0-70A216E5C114}.Release|Any CPU.Build.0 = Release|Any CPU
		{9A887014-AB0F-2264-7FE9-AD0A26B0AB5C}.Debug|Any CPU.ActiveCfg = Debug|Any CPU
		{9A887014-AB0F-2264-7FE9-AD0A26B0AB5C}.Debug|Any CPU.Build.0 = Debug|Any CPU
		{9A887014-AB0F-2264-7FE9-AD0A26B0AB5C}.Release|Any CPU.ActiveCfg = Release|Any CPU
		{9A887014-AB0F-2264-7FE9-AD0A26B0AB5C}.Release|Any CPU.Build.0 = Release|Any CPU
		{02F6021E-A739-3E99-F1B1-A374FDED61BB}.Debug|Any CPU.ActiveCfg = Debug|Any CPU
		{02F6021E-A739-3E99-F1B1-A374FDED61BB}.Debug|Any CPU.Build.0 = Debug|Any CPU
		{02F6021E-A739-3E99-F1B1-A374FDED61BB}.Release|Any CPU.ActiveCfg = Release|Any CPU
		{02F6021E-A739-3E99-F1B1-A374FDED61BB}.Release|Any CPU.Build.0 = Release|Any CPU
		{0573D564-B072-0CDE-3548-120C7EFB9A89}.Debug|Any CPU.ActiveCfg = Debug|Any CPU
		{0573D564-B072-0CDE-3548-120C7EFB9A89}.Debug|Any CPU.Build.0 = Debug|Any CPU
		{0573D564-B072-0CDE-3548-120C7EFB9A89}.Release|Any CPU.ActiveCfg = Release|Any CPU
		{0573D564-B072-0CDE-3548-120C7EFB9A89}.Release|Any CPU.Build.0 = Release|Any CPU
		{2F202337-848B-4721-C9E5-A26C02988208}.Debug|Any CPU.ActiveCfg = Debug|Any CPU
		{2F202337-848B-4721-C9E5-A26C02988208}.Debug|Any CPU.Build.0 = Debug|Any CPU
		{2F202337-848B-4721-C9E5-A26C02988208}.Release|Any CPU.ActiveCfg = Release|Any CPU
		{2F202337-848B-4721-C9E5-A26C02988208}.Release|Any CPU.Build.0 = Release|Any CPU
		{548F13A3-8DAD-44CF-5F35-7C5930680F75}.Debug|Any CPU.ActiveCfg = Debug|Any CPU
		{548F13A3-8DAD-44CF-5F35-7C5930680F75}.Debug|Any CPU.Build.0 = Debug|Any CPU
		{548F13A3-8DAD-44CF-5F35-7C5930680F75}.Release|Any CPU.ActiveCfg = Release|Any CPU
		{548F13A3-8DAD-44CF-5F35-7C5930680F75}.Release|Any CPU.Build.0 = Release|Any CPU
		{9A4E9FE5-B058-122F-41E3-F91AECCFFCFA}.Debug|Any CPU.ActiveCfg = Debug|Any CPU
		{9A4E9FE5-B058-122F-41E3-F91AECCFFCFA}.Debug|Any CPU.Build.0 = Debug|Any CPU
		{9A4E9FE5-B058-122F-41E3-F91AECCFFCFA}.Release|Any CPU.ActiveCfg = Release|Any CPU
		{9A4E9FE5-B058-122F-41E3-F91AECCFFCFA}.Release|Any CPU.Build.0 = Release|Any CPU
		{A92A2EAC-39E1-5632-BF5F-4D5DA78D4F72}.Debug|Any CPU.ActiveCfg = Debug|Any CPU
		{A92A2EAC-39E1-5632-BF5F-4D5DA78D4F72}.Debug|Any CPU.Build.0 = Debug|Any CPU
		{A92A2EAC-39E1-5632-BF5F-4D5DA78D4F72}.Release|Any CPU.ActiveCfg = Release|Any CPU
		{A92A2EAC-39E1-5632-BF5F-4D5DA78D4F72}.Release|Any CPU.Build.0 = Release|Any CPU
		{10CBD7D2-22FB-9059-7406-3041A0F6EEE3}.Debug|Any CPU.ActiveCfg = Debug|Any CPU
		{10CBD7D2-22FB-9059-7406-3041A0F6EEE3}.Debug|Any CPU.Build.0 = Debug|Any CPU
		{10CBD7D2-22FB-9059-7406-3041A0F6EEE3}.Release|Any CPU.ActiveCfg = Release|Any CPU
		{10CBD7D2-22FB-9059-7406-3041A0F6EEE3}.Release|Any CPU.Build.0 = Release|Any CPU
		{0D9659DB-CAD5-254B-2104-33A1454CB0BB}.Debug|Any CPU.ActiveCfg = Debug|Any CPU
		{0D9659DB-CAD5-254B-2104-33A1454CB0BB}.Debug|Any CPU.Build.0 = Debug|Any CPU
		{0D9659DB-CAD5-254B-2104-33A1454CB0BB}.Release|Any CPU.ActiveCfg = Release|Any CPU
		{0D9659DB-CAD5-254B-2104-33A1454CB0BB}.Release|Any CPU.Build.0 = Release|Any CPU
		{59B41A85-634A-127D-A5B1-F354EF344308}.Debug|Any CPU.ActiveCfg = Debug|Any CPU
		{59B41A85-634A-127D-A5B1-F354EF344308}.Debug|Any CPU.Build.0 = Debug|Any CPU
		{59B41A85-634A-127D-A5B1-F354EF344308}.Release|Any CPU.ActiveCfg = Release|Any CPU
		{59B41A85-634A-127D-A5B1-F354EF344308}.Release|Any CPU.Build.0 = Release|Any CPU
		{56184F00-E748-73D7-416A-9E9A6517A154}.Debug|Any CPU.ActiveCfg = Debug|Any CPU
		{56184F00-E748-73D7-416A-9E9A6517A154}.Debug|Any CPU.Build.0 = Debug|Any CPU
		{56184F00-E748-73D7-416A-9E9A6517A154}.Release|Any CPU.ActiveCfg = Release|Any CPU
		{56184F00-E748-73D7-416A-9E9A6517A154}.Release|Any CPU.Build.0 = Release|Any CPU
		{5BC3DF8B-482B-FD94-2420-25EF179C72C8}.Debug|Any CPU.ActiveCfg = Debug|Any CPU
		{5BC3DF8B-482B-FD94-2420-25EF179C72C8}.Debug|Any CPU.Build.0 = Debug|Any CPU
		{5BC3DF8B-482B-FD94-2420-25EF179C72C8}.Release|Any CPU.ActiveCfg = Release|Any CPU
		{5BC3DF8B-482B-FD94-2420-25EF179C72C8}.Release|Any CPU.Build.0 = Release|Any CPU
		{311AF2B5-0984-97F0-A44C-E1AEF1A2C38D}.Debug|Any CPU.ActiveCfg = Debug|Any CPU
		{311AF2B5-0984-97F0-A44C-E1AEF1A2C38D}.Debug|Any CPU.Build.0 = Debug|Any CPU
		{311AF2B5-0984-97F0-A44C-E1AEF1A2C38D}.Release|Any CPU.ActiveCfg = Release|Any CPU
		{311AF2B5-0984-97F0-A44C-E1AEF1A2C38D}.Release|Any CPU.Build.0 = Release|Any CPU
		{28E49F03-10E7-9B3D-B932-1243B5C0770E}.Debug|Any CPU.ActiveCfg = Debug|Any CPU
		{28E49F03-10E7-9B3D-B932-1243B5C0770E}.Debug|Any CPU.Build.0 = Debug|Any CPU
		{28E49F03-10E7-9B3D-B932-1243B5C0770E}.Release|Any CPU.ActiveCfg = Release|Any CPU
		{28E49F03-10E7-9B3D-B932-1243B5C0770E}.Release|Any CPU.Build.0 = Release|Any CPU
		{AB0B0B92-61C1-48D6-585D-04A52D70FCC0}.Debug|Any CPU.ActiveCfg = Debug|Any CPU
		{AB0B0B92-61C1-48D6-585D-04A52D70FCC0}.Debug|Any CPU.Build.0 = Debug|Any CPU
		{AB0B0B92-61C1-48D6-585D-04A52D70FCC0}.Release|Any CPU.ActiveCfg = Release|Any CPU
		{AB0B0B92-61C1-48D6-585D-04A52D70FCC0}.Release|Any CPU.Build.0 = Release|Any CPU
		{704989B7-EEC6-5415-01F5-CE133C957E91}.Debug|Any CPU.ActiveCfg = Debug|Any CPU
		{704989B7-EEC6-5415-01F5-CE133C957E91}.Debug|Any CPU.Build.0 = Debug|Any CPU
		{704989B7-EEC6-5415-01F5-CE133C957E91}.Release|Any CPU.ActiveCfg = Release|Any CPU
		{704989B7-EEC6-5415-01F5-CE133C957E91}.Release|Any CPU.Build.0 = Release|Any CPU
		{479FD80C-23E4-2083-F0DA-FAF7F064EB76}.Debug|Any CPU.ActiveCfg = Debug|Any CPU
		{479FD80C-23E4-2083-F0DA-FAF7F064EB76}.Debug|Any CPU.Build.0 = Debug|Any CPU
		{479FD80C-23E4-2083-F0DA-FAF7F064EB76}.Release|Any CPU.ActiveCfg = Release|Any CPU
		{479FD80C-23E4-2083-F0DA-FAF7F064EB76}.Release|Any CPU.Build.0 = Release|Any CPU
	EndGlobalSection
	GlobalSection(SolutionProperties) = preSolution
		HideSolutionNode = FALSE
	EndGlobalSection
EndGlobal
